
Microsoft Visual Studio Solution File, Format Version 12.00
# Visual Studio Version 16
VisualStudioVersion = 16.0.29009.5
MinimumVisualStudioVersion = 10.0.40219.1
Project("{FAE04EC0-301F-11D3-BF4B-00C04F79EFBC}") = "ChordFingers", "ChordFingers.csproj", "{90F4CAC5-65C2-4699-B9FF-42F4DE997E88}"
EndProject
Global
	GlobalSection(SolutionConfigurationPlatforms) = preSolution
		Debug|Any CPU = Debug|Any CPU
		Release|Any CPU = Release|Any CPU
	EndGlobalSection
	GlobalSection(ProjectConfigurationPlatforms) = postSolution
		{90F4CAC5-65C2-4699-B9FF-42F4DE997E88}.Debug|Any CPU.ActiveCfg = Debug|Any CPU
		{90F4CAC5-65C2-4699-B9FF-42F4DE997E88}.Debug|Any CPU.Build.0 = Debug|Any CPU
		{90F4CAC5-65C2-4699-B9FF-42F4DE997E88}.Release|Any CPU.ActiveCfg = Release|Any CPU
		{90F4CAC5-65C2-4699-B9FF-42F4DE997E88}.Release|Any CPU.Build.0 = Release|Any CPU
	EndGlobalSection
	GlobalSection(SolutionProperties) = preSolution
		HideSolutionNode = FALSE
	EndGlobalSection
	GlobalSection(ExtensibilityGlobals) = postSolution
		SolutionGuid = {FB2CE2DC-27B3-45D8-B62B-8848E3C86D84}
	EndGlobalSection
EndGlobal
